{
  "name": "ts-ip-address-tracker",
  "version": "1.0.0",
  "lockfileVersion": 2,
  "requires": true,
  "packages": {
    "": {
      "name": "ts-ip-address-tracker",
      "version": "1.0.0",
      "license": "ISC",
      "dependencies": {
        "@types/node": "^18.16.3",
        "leaflet": "^1.9.3"
      },
      "devDependencies": {
        "@types/leaflet": "^1.9.3"
      }
    },
    "node_modules/@types/geojson": {
      "version": "7946.0.10",
      "resolved": "https://registry.npmjs.org/@types/geojson/-/geojson-7946.0.10.tgz",
      "integrity": "sha512-Nmh0K3iWQJzniTuPRcJn5hxXkfB1T1pgB89SBig5PlJQU5yocazeu4jATJlaA0GYFKWMqDdvYemoSnF2pXgLVA==",
      "dev": true
    },
    "node_modules/@types/leaflet": {
      "version": "1.9.3",
      "resolved": "https://registry.npmjs.org/@types/leaflet/-/leaflet-1.9.3.tgz",
      "integrity": "sha512-Caa1lYOgKVqDkDZVWkto2Z5JtVo09spEaUt2S69LiugbBpoqQu92HYFMGUbYezZbnBkyOxMNPXHSgRrRY5UyIA==",
      "dev": true,
      "dependencies": {
        "@types/geojson": "*"
      }
    },
    "node_modules/@types/node": {
      "version": "18.16.3",
      "resolved": "https://registry.npmjs.org/@types/node/-/node-18.16.3.tgz",
      "integrity": "sha512-OPs5WnnT1xkCBiuQrZA4+YAV4HEJejmHneyraIaxsbev5yCEr6KMwINNFP9wQeFIw8FWcoTqF3vQsa5CDaI+8Q=="
    },
    "node_modules/leaflet": {
      "version": "1.9.3",
      "resolved": "https://registry.npmjs.org/leaflet/-/leaflet-1.9.3.tgz",
      "integrity": "sha512-iB2cR9vAkDOu5l3HAay2obcUHZ7xwUBBjph8+PGtmW/2lYhbLizWtG7nTeYht36WfOslixQF9D/uSIzhZgGMfQ=="
    }
  },
  "dependencies": {
    "@types/geojson": {
      "version": "7946.0.10",
      "resolved": "https://registry.npmjs.org/@types/geojson/-/geojson-7946.0.10.tgz",
      "integrity": "sha512-Nmh0K3iWQJzniTuPRcJn5hxXkfB1T1pgB89SBig5PlJQU5yocazeu4jATJlaA0GYFKWMqDdvYemoSnF2pXgLVA==",
      "dev": true
    },
    "@types/leaflet": {
      "version": "1.9.3",
      "resolved": "https://registry.npmjs.org/@types/leaflet/-/leaflet-1.9.3.tgz",
      "integrity": "sha512-Caa1lYOgKVqDkDZVWkto2Z5JtVo09spEaUt2S69LiugbBpoqQu92HYFMGUbYezZbnBkyOxMNPXHSgRrRY5UyIA==",
      "dev": true,
      "requires": {
        "@types/geojson": "*"
      }
    },
    "@types/node": {
      "version": "18.16.3",
      "resolved": "https://registry.npmjs.org/@types/node/-/node-18.16.3.tgz",
      "integrity": "sha512-OPs5WnnT1xkCBiuQrZA4+YAV4HEJejmHneyraIaxsbev5yCEr6KMwINNFP9wQeFIw8FWcoTqF3vQsa5CDaI+8Q=="
    },
    "leaflet": {
      "version": "1.9.3",
      "resolved": "https://registry.npmjs.org/leaflet/-/leaflet-1.9.3.tgz",
      "integrity": "sha512-iB2cR9vAkDOu5l3HAay2obcUHZ7xwUBBjph8+PGtmW/2lYhbLizWtG7nTeYht36WfOslixQF9D/uSIzhZgGMfQ=="
    }
  }
}
